
Microsoft Visual Studio Solution File, Format Version 12.00
# Visual Studio Version 16
VisualStudioVersion = 16.0.31112.23
MinimumVisualStudioVersion = 10.0.40219.1
Project("{9A19103F-16F7-4668-BE54-9A1E7A4F7556}") = "Core", "Core\Core.csproj", "{B779AF42-2A1A-4F58-8714-F9DC908A83A6}"
EndProject
Project("{9A19103F-16F7-4668-BE54-9A1E7A4F7556}") = "Entities", "Entities\Entities.csproj", "{7AA3E5B4-EEDF-4D2D-AD62-3605CFB9813D}"
EndProject
Project("{FAE04EC0-301F-11D3-BF4B-00C04F79EFBC}") = "DataAccess", "DataAccess\DataAccess.csproj", "{4BE2ED23-ACA9-496C-B43E-BE59F3A19B91}"
EndProject
Project("{FAE04EC0-301F-11D3-BF4B-00C04F79EFBC}") = "Business", "Business\Business.csproj", "{9B0150B8-75F7-4D75-A0A1-D81483845EE3}"
EndProject
Project("{FAE04EC0-301F-11D3-BF4B-00C04F79EFBC}") = "WebAPI", "WebAPI\WebAPI.csproj", "{D83A81BC-603E-43BB-AC9E-71BCDE1C8E1B}"
EndProject
Global
	GlobalSection(SolutionConfigurationPlatforms) = preSolution
		Debug|Any CPU = Debug|Any CPU
		Release|Any CPU = Release|Any CPU
	EndGlobalSection
	GlobalSection(ProjectConfigurationPlatforms) = postSolution
		{B779AF42-2A1A-4F58-8714-F9DC908A83A6}.Debug|Any CPU.ActiveCfg = Debug|Any CPU
		{B779AF42-2A1A-4F58-8714-F9DC908A83A6}.Debug|Any CPU.Build.0 = Debug|Any CPU
		{B779AF42-2A1A-4F58-8714-F9DC908A83A6}.Release|Any CPU.ActiveCfg = Release|Any CPU
		{B779AF42-2A1A-4F58-8714-F9DC908A83A6}.Release|Any CPU.Build.0 = Release|Any CPU
		{7AA3E5B4-EEDF-4D2D-AD62-3605CFB9813D}.Debug|Any CPU.ActiveCfg = Debug|Any CPU
		{7AA3E5B4-EEDF-4D2D-AD62-3605CFB9813D}.Debug|Any CPU.Build.0 = Debug|Any CPU
		{7AA3E5B4-EEDF-4D2D-AD62-3605CFB9813D}.Release|Any CPU.ActiveCfg = Release|Any CPU
		{7AA3E5B4-EEDF-4D2D-AD62-3605CFB9813D}.Release|Any CPU.Build.0 = Release|Any CPU
		{4BE2ED23-ACA9-496C-B43E-BE59F3A19B91}.Debug|Any CPU.ActiveCfg = Debug|Any CPU
		{4BE2ED23-ACA9-496C-B43E-BE59F3A19B91}.Debug|Any CPU.Build.0 = Debug|Any CPU
		{4BE2ED23-ACA9-496C-B43E-BE59F3A19B91}.Release|Any CPU.ActiveCfg = Release|Any CPU
		{4BE2ED23-ACA9-496C-B43E-BE59F3A19B91}.Release|Any CPU.Build.0 = Release|Any CPU
		{9B0150B8-75F7-4D75-A0A1-D81483845EE3}.Debug|Any CPU.ActiveCfg = Debug|Any CPU
		{9B0150B8-75F7-4D75-A0A1-D81483845EE3}.Debug|Any CPU.Build.0 = Debug|Any CPU
		{9B0150B8-75F7-4D75-A0A1-D81483845EE3}.Release|Any CPU.ActiveCfg = Release|Any CPU
		{9B0150B8-75F7-4D75-A0A1-D81483845EE3}.Release|Any CPU.Build.0 = Release|Any CPU
		{D83A81BC-603E-43BB-AC9E-71BCDE1C8E1B}.Debug|Any CPU.ActiveCfg = Debug|Any CPU
		{D83A81BC-603E-43BB-AC9E-71BCDE1C8E1B}.Debug|Any CPU.Build.0 = Debug|Any CPU
		{D83A81BC-603E-43BB-AC9E-71BCDE1C8E1B}.Release|Any CPU.ActiveCfg = Release|Any CPU
		{D83A81BC-603E-43BB-AC9E-71BCDE1C8E1B}.Release|Any CPU.Build.0 = Release|Any CPU
	EndGlobalSection
	GlobalSection(SolutionProperties) = preSolution
		HideSolutionNode = FALSE
	EndGlobalSection
	GlobalSection(ExtensibilityGlobals) = postSolution
		SolutionGuid = {34D40458-E5B7-4C40-80D6-1FE02EBE6842}
	EndGlobalSection
EndGlobal
